
Microsoft Visual Studio Solution File, Format Version 12.00
# Visual Studio Version 17
VisualStudioVersion = 17.3.32929.385
MinimumVisualStudioVersion = 10.0.40219.1
Project("{FAE04EC0-301F-11D3-BF4B-00C04F79EFBC}") = "Visual", "Visual.csproj", "{1A5080BF-EBA6-4861-8AF3-C0BE9FF38E40}"
EndProject
Global
	GlobalSection(SolutionConfigurationPlatforms) = preSolution
		Debug|Any CPU = Debug|Any CPU
		Release|Any CPU = Release|Any CPU
	EndGlobalSection
	GlobalSection(ProjectConfigurationPlatforms) = postSolution
		{1A5080BF-EBA6-4861-8AF3-C0BE9FF38E40}.Debug|Any CPU.ActiveCfg = Debug|Any CPU
		{1A5080BF-EBA6-4861-8AF3-C0BE9FF38E40}.Debug|Any CPU.Build.0 = Debug|Any CPU
		{1A5080BF-EBA6-4861-8AF3-C0BE9FF38E40}.Release|Any CPU.ActiveCfg = Release|Any CPU
		{1A5080BF-EBA6-4861-8AF3-C0BE9FF38E40}.Release|Any CPU.Build.0 = Release|Any CPU
	EndGlobalSection
	GlobalSection(SolutionProperties) = preSolution
		HideSolutionNode = FALSE
	EndGlobalSection
	GlobalSection(ExtensibilityGlobals) = postSolution
		SolutionGuid = {D65B766F-1631-4C27-B0B0-AA6F4D49936E}
	EndGlobalSection
EndGlobal
